
Microsoft Visual Studio Solution File, Format Version 12.00
# Visual Studio 15
VisualStudioVersion = 15.0.26730.12
MinimumVisualStudioVersion = 10.0.40219.1
Project("{FAE04EC0-301F-11D3-BF4B-00C04F79EFBC}") = "RegexNumberRangeGenerator.Tests", "RegexNumberRangeGenerator.Tests\RegexNumberRangeGenerator.Tests.csproj", "{F4A52C4D-120C-430B-AD96-55A7CE416DE8}"
EndProject
Project("{FAE04EC0-301F-11D3-BF4B-00C04F79EFBC}") = "RegexNumberRangeGenerator", "RegexNumberRangeGenerator\RegexNumberRangeGenerator.csproj", "{0301E0FC-825F-48B5-A5B6-162704AF7655}"
EndProject
Global
	GlobalSection(SolutionConfigurationPlatforms) = preSolution
		Debug|Any CPU = Debug|Any CPU
		Release|Any CPU = Release|Any CPU
	EndGlobalSection
	GlobalSection(ProjectConfigurationPlatforms) = postSolution
		{F4A52C4D-120C-430B-AD96-55A7CE416DE8}.Debug|Any CPU.ActiveCfg = Debug|Any CPU
		{F4A52C4D-120C-430B-AD96-55A7CE416DE8}.Debug|Any CPU.Build.0 = Debug|Any CPU
		{F4A52C4D-120C-430B-AD96-55A7CE416DE8}.Release|Any CPU.ActiveCfg = Release|Any CPU
		{F4A52C4D-120C-430B-AD96-55A7CE416DE8}.Release|Any CPU.Build.0 = Release|Any CPU
		{0301E0FC-825F-48B5-A5B6-162704AF7655}.Debug|Any CPU.ActiveCfg = Debug|Any CPU
		{0301E0FC-825F-48B5-A5B6-162704AF7655}.Debug|Any CPU.Build.0 = Debug|Any CPU
		{0301E0FC-825F-48B5-A5B6-162704AF7655}.Release|Any CPU.ActiveCfg = Release|Any CPU
		{0301E0FC-825F-48B5-A5B6-162704AF7655}.Release|Any CPU.Build.0 = Release|Any CPU
	EndGlobalSection
	GlobalSection(SolutionProperties) = preSolution
		HideSolutionNode = FALSE
	EndGlobalSection
	GlobalSection(ExtensibilityGlobals) = postSolution
		SolutionGuid = {B3AF66EC-30B0-406F-A8FA-34CC95F2A71F}
	EndGlobalSection
EndGlobal
